
Microsoft Visual Studio Solution File, Format Version 12.00
# Visual Studio Version 17
VisualStudioVersion = 17.0.31903.59
MinimumVisualStudioVersion = 10.0.40219.1
Project("{2150E333-8FDC-42A3-9474-1A3956D46DE8}") = "src", "src", "{827E0CD3-B72D-47B6-A68D-7590B98EB39B}"
EndProject
Project("{FAE04EC0-301F-11D3-BF4B-00C04F79EFBC}") = "Stokbox.Core", "src\Stokbox.Core\Stokbox.Core.csproj", "{22EBB712-A29F-486B-B6CB-E92FB1B6FA86}"
EndProject
Project("{FAE04EC0-301F-11D3-BF4B-00C04F79EFBC}") = "Stokbox.Data", "src\Stokbox.Data\Stokbox.Data.csproj", "{E45B66BE-2048-46B4-B33D-2EC334C2F764}"
EndProject
Project("{FAE04EC0-301F-11D3-BF4B-00C04F79EFBC}") = "Stokbox.App", "src\Stokbox.App\Stokbox.App.csproj", "{4D35DC33-C63C-4486-9FF3-B58655E4D21F}"
EndProject
Project("{2150E333-8FDC-42A3-9474-1A3956D46DE8}") = "tests", "tests", "{0AB3BF05-4346-4AA6-1389-037BE0695223}"
EndProject
Project("{FAE04EC0-301F-11D3-BF4B-00C04F79EFBC}") = "Stokbox.Core.Tests", "tests\Stokbox.Core.Tests\Stokbox.Core.Tests.csproj", "{EAF2A860-C3AC-4A8F-B913-1C6C2C006A63}"
EndProject
Project("{FAE04EC0-301F-11D3-BF4B-00C04F79EFBC}") = "Stokbox.Data.Tests", "tests\Stokbox.Data.Tests\Stokbox.Data.Tests.csproj", "{98F5B03A-8C99-4471-B1E7-5C3D4EFC0E3E}"
EndProject
Global
	GlobalSection(SolutionConfigurationPlatforms) = preSolution
		Debug|Any CPU = Debug|Any CPU
		Debug|x64 = Debug|x64
		Debug|x86 = Debug|x86
		Release|Any CPU = Release|Any CPU
		Release|x64 = Release|x64
		Release|x86 = Release|x86
	EndGlobalSection
	GlobalSection(ProjectConfigurationPlatforms) = postSolution
		{22EBB712-A29F-486B-B6CB-E92FB1B6FA86}.Debug|Any CPU.ActiveCfg = Debug|Any CPU
		{22EBB712-A29F-486B-B6CB-E92FB1B6FA86}.Debug|Any CPU.Build.0 = Debug|Any CPU
		{22EBB712-A29F-486B-B6CB-E92FB1B6FA86}.Debug|x64.ActiveCfg = Debug|Any CPU
		{22EBB712-A29F-486B-B6CB-E92FB1B6FA86}.Debug|x64.Build.0 = Debug|Any CPU
		{22EBB712-A29F-486B-B6CB-E92FB1B6FA86}.Debug|x86.ActiveCfg = Debug|Any CPU
		{22EBB712-A29F-486B-B6CB-E92FB1B6FA86}.Debug|x86.Build.0 = Debug|Any CPU
		{22EBB712-A29F-486B-B6CB-E92FB1B6FA86}.Release|Any CPU.ActiveCfg = Release|Any CPU
		{22EBB712-A29F-486B-B6CB-E92FB1B6FA86}.Release|Any CPU.Build.0 = Release|Any CPU
		{22EBB712-A29F-486B-B6CB-E92FB1B6FA86}.Release|x64.ActiveCfg = Release|Any CPU
		{22EBB712-A29F-486B-B6CB-E92FB1B6FA86}.Release|x64.Build.0 = Release|Any CPU
		{22EBB712-A29F-486B-B6CB-E92FB1B6FA86}.Release|x86.ActiveCfg = Release|Any CPU
		{22EBB712-A29F-486B-B6CB-E92FB1B6FA86}.Release|x86.Build.0 = Release|Any CPU
		{E45B66BE-2048-46B4-B33D-2EC334C2F764}.Debug|Any CPU.ActiveCfg = Debug|Any CPU
		{E45B66BE-2048-46B4-B33D-2EC334C2F764}.Debug|Any CPU.Build.0 = Debug|Any CPU
		{E45B66BE-2048-46B4-B33D-2EC334C2F764}.Debug|x64.ActiveCfg = Debug|Any CPU
		{E45B66BE-2048-46B4-B33D-2EC334C2F764}.Debug|x64.Build.0 = Debug|Any CPU
		{E45B66BE-2048-46B4-B33D-2EC334C2F764}.Debug|x86.ActiveCfg = Debug|Any CPU
		{E45B66BE-2048-46B4-B33D-2EC334C2F764}.Debug|x86.Build.0 = Debug|Any CPU
		{E45B66BE-2048-46B4-B33D-2EC334C2F764}.Release|Any CPU.ActiveCfg = Release|Any CPU
		{E45B66BE-2048-46B4-B33D-2EC334C2F764}.Release|Any CPU.Build.0 = Release|Any CPU
		{E45B66BE-2048-46B4-B33D-2EC334C2F764}.Release|x64.ActiveCfg = Release|Any CPU
		{E45B66BE-2048-46B4-B33D-2EC334C2F764}.Release|x64.Build.0 = Release|Any CPU
		{E45B66BE-2048-46B4-B33D-2EC334C2F764}.Release|x86.ActiveCfg = Release|Any CPU
		{E45B66BE-2048-46B4-B33D-2EC334C2F764}.Release|x86.Build.0 = Release|Any CPU
		{4D35DC33-C63C-4486-9FF3-B58655E4D21F}.Debug|Any CPU.ActiveCfg = Debug|Any CPU
		{4D35DC33-C63C-4486-9FF3-B58655E4D21F}.Debug|Any CPU.Build.0 = Debug|Any CPU
		{4D35DC33-C63C-4486-9FF3-B58655E4D21F}.Debug|x64.ActiveCfg = Debug|Any CPU
		{4D35DC33-C63C-4486-9FF3-B58655E4D21F}.Debug|x64.Build.0 = Debug|Any CPU
		{4D35DC33-C63C-4486-9FF3-B58655E4D21F}.Debug|x86.ActiveCfg = Debug|Any CPU
		{4D35DC33-C63C-4486-9FF3-B58655E4D21F}.Debug|x86.Build.0 = Debug|Any CPU
		{4D35DC33-C63C-4486-9FF3-B58655E4D21F}.Release|Any CPU.ActiveCfg = Release|Any CPU
		{4D35DC33-C63C-4486-9FF3-B58655E4D21F}.Release|Any CPU.Build.0 = Release|Any CPU
		{4D35DC33-C63C-4486-9FF3-B58655E4D21F}.Release|x64.ActiveCfg = Release|Any CPU
		{4D35DC33-C63C-4486-9FF3-B58655E4D21F}.Release|x64.Build.0 = Release|Any CPU
		{4D35DC33-C63C-4486-9FF3-B58655E4D21F}.Release|x86.ActiveCfg = Release|Any CPU
		{4D35DC33-C63C-4486-9FF3-B58655E4D21F}.Release|x86.Build.0 = Release|Any CPU
		{EAF2A860-C3AC-4A8F-B913-1C6C2C006A63}.Debug|Any CPU.ActiveCfg = Debug|Any CPU
		{EAF2A860-C3AC-4A8F-B913-1C6C2C006A63}.Debug|Any CPU.Build.0 = Debug|Any CPU
		{EAF2A860-C3AC-4A8F-B913-1C6C2C006A63}.Debug|x64.ActiveCfg = Debug|Any CPU
		{EAF2A860-C3AC-4A8F-B913-1C6C2C006A63}.Debug|x64.Build.0 = Debug|Any CPU
		{EAF2A860-C3AC-4A8F-B913-1C6C2C006A63}.Debug|x86.ActiveCfg = Debug|Any CPU
		{EAF2A860-C3AC-4A8F-B913-1C6C2C006A63}.Debug|x86.Build.0 = Debug|Any CPU
		{EAF2A860-C3AC-4A8F-B913-1C6C2C006A63}.Release|Any CPU.ActiveCfg = Release|Any CPU
		{EAF2A860-C3AC-4A8F-B913-1C6C2C006A63}.Release|Any CPU.Build.0 = Release|Any CPU
		{EAF2A860-C3AC-4A8F-B913-1C6C2C006A63}.Release|x64.ActiveCfg = Release|Any CPU
		{EAF2A860-C3AC-4A8F-B913-1C6C2C006A63}.Release|x64.Build.0 = Release|Any CPU
		{EAF2A860-C3AC-4A8F-B913-1C6C2C006A63}.Release|x86.ActiveCfg = Release|Any CPU
		{EAF2A860-C3AC-4A8F-B913-1C6C2C006A63}.Release|x86.Build.0 = Release|Any CPU
		{98F5B03A-8C99-4471-B1E7-5C3D4EFC0E3E}.Debug|Any CPU.ActiveCfg = Debug|Any CPU
		{98F5B03A-8C99-4471-B1E7-5C3D4EFC0E3E}.Debug|Any CPU.Build.0 = Debug|Any CPU
		{98F5B03A-8C99-4471-B1E7-5C3D4EFC0E3E}.Debug|x64.ActiveCfg = Debug|Any CPU
		{98F5B03A-8C99-4471-B1E7-5C3D4EFC0E3E}.Debug|x64.Build.0 = Debug|Any CPU
		{98F5B03A-8C99-4471-B1E7-5C3D4EFC0E3E}.Debug|x86.ActiveCfg = Debug|Any CPU
		{98F5B03A-8C99-4471-B1E7-5C3D4EFC0E3E}.Debug|x86.Build.0 = Debug|Any CPU
		{98F5B03A-8C99-4471-B1E7-5C3D4EFC0E3E}.Release|Any CPU.ActiveCfg = Release|Any CPU
		{98F5B03A-8C99-4471-B1E7-5C3D4EFC0E3E}.Release|Any CPU.Build.0 = Release|Any CPU
		{98F5B03A-8C99-4471-B1E7-5C3D4EFC0E3E}.Release|x64.ActiveCfg = Release|Any CPU
		{98F5B03A-8C99-4471-B1E7-5C3D4EFC0E3E}.Release|x64.Build.0 = Release|Any CPU
		{98F5B03A-8C99-4471-B1E7-5C3D4EFC0E3E}.Release|x86.ActiveCfg = Release|Any CPU
		{98F5B03A-8C99-4471-B1E7-5C3D4EFC0E3E}.Release|x86.Build.0 = Release|Any CPU
	EndGlobalSection
	GlobalSection(SolutionProperties) = preSolution
		HideSolutionNode = FALSE
	EndGlobalSection
	GlobalSection(NestedProjects) = preSolution
		{22EBB712-A29F-486B-B6CB-E92FB1B6FA86} = {827E0CD3-B72D-47B6-A68D-7590B98EB39B}
		{E45B66BE-2048-46B4-B33D-2EC334C2F764} = {827E0CD3-B72D-47B6-A68D-7590B98EB39B}
		{4D35DC33-C63C-4486-9FF3-B58655E4D21F} = {827E0CD3-B72D-47B6-A68D-7590B98EB39B}
		{EAF2A860-C3AC-4A8F-B913-1C6C2C006A63} = {0AB3BF05-4346-4AA6-1389-037BE0695223}
		{98F5B03A-8C99-4471-B1E7-5C3D4EFC0E3E} = {0AB3BF05-4346-4AA6-1389-037BE0695223}
	EndGlobalSection
EndGlobal
